
Microsoft Visual Studio Solution File, Format Version 12.00
Project("{FAE04EC0-301F-11D3-BF4B-00C04F79EFBC}") = "Server", "Server\Server.csproj", "{62AEAA5C-6DA7-44AD-8E68-D9407A5CE53E}"
EndProject
Project("{FAE04EC0-301F-11D3-BF4B-00C04F79EFBC}") = "Client", "Client\Client.csproj", "{B621D805-6B30-48B8-9FBB-0FB6EC9C0C13}"
EndProject
Project("{FAE04EC0-301F-11D3-BF4B-00C04F79EFBC}") = "NetworkClass", "NetworkClass\NetworkClass.csproj", "{521D22C8-47FD-4897-80FA-6ECEDCE6CD6E}"
EndProject
Project("{FAE04EC0-301F-11D3-BF4B-00C04F79EFBC}") = "BinaryData", "BinaryData\BinaryData.csproj", "{B25E6EEE-227E-4FCA-93CE-E6BC02F7912D}"
EndProject
Global
	GlobalSection(SolutionConfigurationPlatforms) = preSolution
		Debug|Any CPU = Debug|Any CPU
		Release|Any CPU = Release|Any CPU
	EndGlobalSection
	GlobalSection(ProjectConfigurationPlatforms) = postSolution
		{62AEAA5C-6DA7-44AD-8E68-D9407A5CE53E}.Debug|Any CPU.ActiveCfg = Debug|Any CPU
		{62AEAA5C-6DA7-44AD-8E68-D9407A5CE53E}.Debug|Any CPU.Build.0 = Debug|Any CPU
		{62AEAA5C-6DA7-44AD-8E68-D9407A5CE53E}.Release|Any CPU.ActiveCfg = Release|Any CPU
		{62AEAA5C-6DA7-44AD-8E68-D9407A5CE53E}.Release|Any CPU.Build.0 = Release|Any CPU
		{B621D805-6B30-48B8-9FBB-0FB6EC9C0C13}.Debug|Any CPU.ActiveCfg = Debug|Any CPU
		{B621D805-6B30-48B8-9FBB-0FB6EC9C0C13}.Debug|Any CPU.Build.0 = Debug|Any CPU
		{B621D805-6B30-48B8-9FBB-0FB6EC9C0C13}.Release|Any CPU.ActiveCfg = Release|Any CPU
		{B621D805-6B30-48B8-9FBB-0FB6EC9C0C13}.Release|Any CPU.Build.0 = Release|Any CPU
		{521D22C8-47FD-4897-80FA-6ECEDCE6CD6E}.Debug|Any CPU.ActiveCfg = Debug|Any CPU
		{521D22C8-47FD-4897-80FA-6ECEDCE6CD6E}.Debug|Any CPU.Build.0 = Debug|Any CPU
		{521D22C8-47FD-4897-80FA-6ECEDCE6CD6E}.Release|Any CPU.ActiveCfg = Release|Any CPU
		{521D22C8-47FD-4897-80FA-6ECEDCE6CD6E}.Release|Any CPU.Build.0 = Release|Any CPU
		{B25E6EEE-227E-4FCA-93CE-E6BC02F7912D}.Debug|Any CPU.ActiveCfg = Debug|Any CPU
		{B25E6EEE-227E-4FCA-93CE-E6BC02F7912D}.Debug|Any CPU.Build.0 = Debug|Any CPU
		{B25E6EEE-227E-4FCA-93CE-E6BC02F7912D}.Release|Any CPU.ActiveCfg = Release|Any CPU
		{B25E6EEE-227E-4FCA-93CE-E6BC02F7912D}.Release|Any CPU.Build.0 = Release|Any CPU
	EndGlobalSection
EndGlobal
